Microsoft Visual Studio Solution File, Format Version 12.00
# Visual Studio Version 17
VisualStudioVersion = 17.0.31903.59
MinimumVisualStudioVersion = 10.0.40219.1
Project("{FAE04EC0-301F-11D3-BF4B-00C04F79EFBC}") = "DailyLogAssistant", "DailyLogAssistant\DailyLogAssistant.csproj", "{2B849493-111A-4C49-AF62-6F97CD314BAA}"
EndProject
Project("{FAE04EC0-301F-11D3-BF4B-00C04F79EFBC}") = "DailyLogAssistant.Tests", "DailyLogAssistant.Tests\DailyLogAssistant.Tests.csproj", "{3F16F852-4A82-4477-8FCB-C62A176B8C3A}"
EndProject
Global
	GlobalSection(SolutionConfigurationPlatforms) = preSolution
		Debug|Any CPU = Debug|Any CPU
		Release|Any CPU = Release|Any CPU
	EndGlobalSection
	GlobalSection(ProjectConfigurationPlatforms) = postSolution
		{2B849493-111A-4C49-AF62-6F97CD314BAA}.Debug|Any CPU.ActiveCfg = Debug|Any CPU
		{2B849493-111A-4C49-AF62-6F97CD314BAA}.Debug|Any CPU.Build.0 = Debug|Any CPU
		{2B849493-111A-4C49-AF62-6F97CD314BAA}.Release|Any CPU.ActiveCfg = Release|Any CPU
		{2B849493-111A-4C49-AF62-6F97CD314BAA}.Release|Any CPU.Build.0 = Release|Any CPU
		{3F16F852-4A82-4477-8FCB-C62A176B8C3A}.Debug|Any CPU.ActiveCfg = Debug|Any CPU
		{3F16F852-4A82-4477-8FCB-C62A176B8C3A}.Debug|Any CPU.Build.0 = Debug|Any CPU
		{3F16F852-4A82-4477-8FCB-C62A176B8C3A}.Release|Any CPU.ActiveCfg = Release|Any CPU
		{3F16F852-4A82-4477-8FCB-C62A176B8C3A}.Release|Any CPU.Build.0 = Release|Any CPU
	EndGlobalSection
EndGlobal
